{
  "version": 2,
  "dependencies": {
    "net10.0": {
      "HarfBuzzSharp": {
        "type": "Direct",
        "requested": "[8.3.1.5, )",
        "resolved": "8.3.1.5",
        "contentHash": "K0+U7592Ne10BCuHZrZYIbaYUQy20CsYM9A3+Xjz3UpLPjs6nosbQtDYp2PueWJ7AQ5/htbyO8WqnUe+uf8AAQ==",
        "dependencies": {
          "HarfBuzzSharp.NativeAssets.Win32": "8.3.1.5",
          "HarfBuzzSharp.NativeAssets.macOS": "8.3.1.5"
        }
      },
      "HarfBuzzSharp.NativeAssets.Linux": {
        "type": "Direct",
        "requested": "[8.3.1.5, )",
        "resolved": "8.3.1.5",
        "contentHash": "Rvm05tL7QTNEGrhcrfvN/J5j7SGjGclp8J70JTQW4498U4+4cPC5yovn5V1l6ngSGufK6Ck47JVp6alYwhkGKg=="
      },
      "HarfBuzzSharp.NativeAssets.macOS": {
        "type": "Transitive",
        "resolved": "8.3.1.5",
        "contentHash": "TWSbMOIBiGvCTnR2MUlmhnP92L7qwYmpDXSNOkYQUh6Iuc7W7Y3z/Q+X3N6scvbZbDmfbZjqbNUqDEz/JzpwBg=="
      },
      "HarfBuzzSharp.NativeAssets.Win32": {
        "type": "Transitive",
        "resolved": "8.3.1.5",
        "contentHash": "p95FW4SwP50qD4cq6e2/P5DP7As6c6aQU5qHvsdCKorX5GFLHUMIx/zQgiLvB871xQrhdN24sZyMbCufnTHvsQ=="
      },
      "najm.core": {
        "type": "Project",
        "dependencies": {
          "Najm.Utils": "[1.0.0, )"
        }
      },
      "najm.utils": {
        "type": "Project"
      }
    }
  }
}